// !$*UTF8*$!
{
	archiveVersion = 1;
	classes = {
	};
	objectVersion = 55;
	objects = {

/* Begin PBXBuildFile section */
		7E91D51C1BA30688EC35B65B /* Pods_MVVMCDemoProject_MVVMCDemoProjectUITests.framework in Frameworks */ = {isa = PBXBuildFile; fileRef = FE71D3CD616B930EE1CFA6B6 /* Pods_MVVMCDemoProject_MVVMCDemoProjectUITests.framework */; };
		AF9FB441FA6CB7D02C304F1A /* Pods_MVVMCDemoProjectTests.framework in Frameworks */ = {isa = PBXBuildFile; fileRef = 3AD6265DB5D7DAC2CE28CDD4 /* Pods_MVVMCDemoProjectTests.framework */; };
		C12ACE9B78172DFA4CC02611 /* Pods_MVVMCDemoProject.framework in Frameworks */ = {isa = PBXBuildFile; fileRef = B23B6AD02A7364CDC489F4E7 /* Pods_MVVMCDemoProject.framework */; };
		F5DD287A27A16D8200419F86 /* AppWindowCoordinator.swift in Sources */ = {isa = PBXBuildFile; fileRef = F5DD287927A16D8200419F86 /* AppWindowCoordinator.swift */; };
		F5DD287C27A16E8400419F86 /* MainCoordinator.swift in Sources */ = {isa = PBXBuildFile; fileRef = F5DD287B27A16E8400419F86 /* MainCoordinator.swift */; };
		F5DD288327A1725F00419F86 /* ItemListViewController.swift in Sources */ = {isa = PBXBuildFile; fileRef = F5DD287E27A1725F00419F86 /* ItemListViewController.swift */; };
		F5DD288427A1725F00419F86 /* ItemListView.swift in Sources */ = {isa = PBXBuildFile; fileRef = F5DD287F27A1725F00419F86 /* ItemListView.swift */; };
		F5DD288527A1725F00419F86 /* ItemListViewModel.swift in Sources */ = {isa = PBXBuildFile; fileRef = F5DD288027A1725F00419F86 /* ItemListViewModel.swift */; };
		F5DD288627A1725F00419F86 /* ItemListConfigurator.swift in Sources */ = {isa = PBXBuildFile; fileRef = F5DD288127A1725F00419F86 /* ItemListConfigurator.swift */; };
		F5DD288727A1725F00419F86 /* ItemList+Infrastructure.swift in Sources */ = {isa = PBXBuildFile; fileRef = F5DD288227A1725F00419F86 /* ItemList+Infrastructure.swift */; };
		F5DD289527A288E400419F86 /* ItemDetailViewController.swift in Sources */ = {isa = PBXBuildFile; fileRef = F5DD289027A288E400419F86 /* ItemDetailViewController.swift */; };
		F5DD289627A288E400419F86 /* ItemDetailView.swift in Sources */ = {isa = PBXBuildFile; fileRef = F5DD289127A288E400419F86 /* ItemDetailView.swift */; };
		F5DD289727A288E400419F86 /* ItemDetailViewModel.swift in Sources */ = {isa = PBXBuildFile; fileRef = F5DD289227A288E400419F86 /* ItemDetailViewModel.swift */; };
		F5DD289827A288E400419F86 /* ItemDetailConfigurator.swift in Sources */ = {isa = PBXBuildFile; fileRef = F5DD289327A288E400419F86 /* ItemDetailConfigurator.swift */; };
		F5DD289927A288E400419F86 /* ItemDetail+Infrastructure.swift in Sources */ = {isa = PBXBuildFile; fileRef = F5DD289427A288E400419F86 /* ItemDetail+Infrastructure.swift */; };
		F5DD289C27A2C70800419F86 /* ItemView.swift in Sources */ = {isa = PBXBuildFile; fileRef = F5DD289B27A2C70800419F86 /* ItemView.swift */; };
		F5DD289E27A2D10400419F86 /* ItemView+RXDSContainerConfigurable.swift in Sources */ = {isa = PBXBuildFile; fileRef = F5DD289D27A2D10400419F86 /* ItemView+RXDSContainerConfigurable.swift */; };
		F5E4C9DA27A15A6D005CFB6D /* AppDelegate.swift in Sources */ = {isa = PBXBuildFile; fileRef = F5E4C9D927A15A6D005CFB6D /* AppDelegate.swift */; };
		F5E4C9E327A15A70005CFB6D /* Assets.xcassets in Resources */ = {isa = PBXBuildFile; fileRef = F5E4C9E227A15A70005CFB6D /* Assets.xcassets */; };
		F5E4C9E627A15A70005CFB6D /* LaunchScreen.storyboard in Resources */ = {isa = PBXBuildFile; fileRef = F5E4C9E427A15A70005CFB6D /* LaunchScreen.storyboard */; };
		F5E4C9F127A15A70005CFB6D /* MVVMCDemoProjectTests.swift in Sources */ = {isa = PBXBuildFile; fileRef = F5E4C9F027A15A70005CFB6D /* MVVMCDemoProjectTests.swift */; };
		F5E4C9FB27A15A70005CFB6D /* MVVMCDemoProjectUITests.swift in Sources */ = {isa = PBXBuildFile; fileRef = F5E4C9FA27A15A70005CFB6D /* MVVMCDemoProjectUITests.swift */; };
		F5E4C9FD27A15A70005CFB6D /* MVVMCDemoProjectUITestsLaunchTests.swift in Sources */ = {isa = PBXBuildFile; fileRef = F5E4C9FC27A15A70005CFB6D /* MVVMCDemoProjectUITestsLaunchTests.swift */; };
/* End PBXBuildFile section */

/* Begin PBXContainerItemProxy section */
		F5E4C9ED27A15A70005CFB6D /* PBXContainerItemProxy */ = {
			isa = PBXContainerItemProxy;
			containerPortal = F5E4C9CE27A15A6D005CFB6D /* Project object */;
			proxyType = 1;
			remoteGlobalIDString = F5E4C9D527A15A6D005CFB6D;
			remoteInfo = MVVMCDemoProject;
		};
		F5E4C9F727A15A70005CFB6D /* PBXContainerItemProxy */ = {
			isa = PBXContainerItemProxy;
			containerPortal = F5E4C9CE27A15A6D005CFB6D /* Project object */;
			proxyType = 1;
			remoteGlobalIDString = F5E4C9D527A15A6D005CFB6D;
			remoteInfo = MVVMCDemoProject;
		};
/* End PBXContainerItemProxy section */

/* Begin PBXFileReference section */
		1DF3FB660847B9B6BEAD3E88 /* Pods-MVVMCDemoProject-MVVMCDemoProjectUITests.release.xcconfig */ = {isa = PBXFileReference; includeInIndex = 1; lastKnownFileType = text.xcconfig; name = "Pods-MVVMCDemoProject-MVVMCDemoProjectUITests.release.xcconfig"; path = "Target Support Files/Pods-MVVMCDemoProject-MVVMCDemoProjectUITests/Pods-MVVMCDemoProject-MVVMCDemoProjectUITests.release.xcconfig"; sourceTree = "<group>"; };
		2868F037F8F728BECCA634A4 /* Pods-MVVMCDemoProjectTests.debug.xcconfig */ = {isa = PBXFileReference; includeInIndex = 1; lastKnownFileType = text.xcconfig; name = "Pods-MVVMCDemoProjectTests.debug.xcconfig"; path = "Target Support Files/Pods-MVVMCDemoProjectTests/Pods-MVVMCDemoProjectTests.debug.xcconfig"; sourceTree = "<group>"; };
		3AD6265DB5D7DAC2CE28CDD4 /* Pods_MVVMCDemoProjectTests.framework */ = {isa = PBXFileReference; explicitFileType = wrapper.framework; includeInIndex = 0; path = Pods_MVVMCDemoProjectTests.framework; sourceTree = BUILT_PRODUCTS_DIR; };
		8529496844BFBD6D54716297 /* Pods-MVVMCDemoProjectTests.release.xcconfig */ = {isa = PBXFileReference; includeInIndex = 1; lastKnownFileType = text.xcconfig; name = "Pods-MVVMCDemoProjectTests.release.xcconfig"; path = "Target Support Files/Pods-MVVMCDemoProjectTests/Pods-MVVMCDemoProjectTests.release.xcconfig"; sourceTree = "<group>"; };
		B23B6AD02A7364CDC489F4E7 /* Pods_MVVMCDemoProject.framework */ = {isa = PBXFileReference; explicitFileType = wrapper.framework; includeInIndex = 0; path = Pods_MVVMCDemoProject.framework; sourceTree = BUILT_PRODUCTS_DIR; };
		BDF8A30AC3CA438A707D3A8A /* Pods-MVVMCDemoProject.debug.xcconfig */ = {isa = PBXFileReference; includeInIndex = 1; lastKnownFileType = text.xcconfig; name = "Pods-MVVMCDemoProject.debug.xcconfig"; path = "Target Support Files/Pods-MVVMCDemoProject/Pods-MVVMCDemoProject.debug.xcconfig"; sourceTree = "<group>"; };
		D9F758AEAD60DE7DAAFB00F2 /* Pods-MVVMCDemoProject-MVVMCDemoProjectUITests.debug.xcconfig */ = {isa = PBXFileReference; includeInIndex = 1; lastKnownFileType = text.xcconfig; name = "Pods-MVVMCDemoProject-MVVMCDemoProjectUITests.debug.xcconfig"; path = "Target Support Files/Pods-MVVMCDemoProject-MVVMCDemoProjectUITests/Pods-MVVMCDemoProject-MVVMCDemoProjectUITests.debug.xcconfig"; sourceTree = "<group>"; };
		F230D63A625F01570C316708 /* Pods-MVVMCDemoProject.release.xcconfig */ = {isa = PBXFileReference; includeInIndex = 1; lastKnownFileType = text.xcconfig; name = "Pods-MVVMCDemoProject.release.xcconfig"; path = "Target Support Files/Pods-MVVMCDemoProject/Pods-MVVMCDemoProject.release.xcconfig"; sourceTree = "<group>"; };
		F5DD287927A16D8200419F86 /* AppWindowCoordinator.swift */ = {isa = PBXFileReference; lastKnownFileType = sourcecode.swift; path = AppWindowCoordinator.swift; sourceTree = "<group>"; };
		F5DD287B27A16E8400419F86 /* MainCoordinator.swift */ = {isa = PBXFileReference; lastKnownFileType = sourcecode.swift; path = MainCoordinator.swift; sourceTree = "<group>"; };
		F5DD287E27A1725F00419F86 /* ItemListViewController.swift */ = {isa = PBXFileReference; lastKnownFileType = sourcecode.swift; path = ItemListViewController.swift; sourceTree = "<group>"; };
		F5DD287F27A1725F00419F86 /* ItemListView.swift */ = {isa = PBXFileReference; lastKnownFileType = sourcecode.swift; path = ItemListView.swift; sourceTree = "<group>"; };
		F5DD288027A1725F00419F86 /* ItemListViewModel.swift */ = {isa = PBXFileReference; lastKnownFileType = sourcecode.swift; path = ItemListViewModel.swift; sourceTree = "<group>"; };
		F5DD288127A1725F00419F86 /* ItemListConfigurator.swift */ = {isa = PBXFileReference; lastKnownFileType = sourcecode.swift; path = ItemListConfigurator.swift; sourceTree = "<group>"; };
		F5DD288227A1725F00419F86 /* ItemList+Infrastructure.swift */ = {isa = PBXFileReference; lastKnownFileType = sourcecode.swift; path = "ItemList+Infrastructure.swift"; sourceTree = "<group>"; };
		F5DD289027A288E400419F86 /* ItemDetailViewController.swift */ = {isa = PBXFileReference; lastKnownFileType = sourcecode.swift; path = ItemDetailViewController.swift; sourceTree = "<group>"; };
		F5DD289127A288E400419F86 /* ItemDetailView.swift */ = {isa = PBXFileReference; lastKnownFileType = sourcecode.swift; path = ItemDetailView.swift; sourceTree = "<group>"; };
		F5DD289227A288E400419F86 /* ItemDetailViewModel.swift */ = {isa = PBXFileReference; lastKnownFileType = sourcecode.swift; path = ItemDetailViewModel.swift; sourceTree = "<group>"; };
		F5DD289327A288E400419F86 /* ItemDetailConfigurator.swift */ = {isa = PBXFileReference; lastKnownFileType = sourcecode.swift; path = ItemDetailConfigurator.swift; sourceTree = "<group>"; };
		F5DD289427A288E400419F86 /* ItemDetail+Infrastructure.swift */ = {isa = PBXFileReference; lastKnownFileType = sourcecode.swift; path = "ItemDetail+Infrastructure.swift"; sourceTree = "<group>"; };
		F5DD289B27A2C70800419F86 /* ItemView.swift */ = {isa = PBXFileReference; lastKnownFileType = sourcecode.swift; path = ItemView.swift; sourceTree = "<group>"; };
		F5DD289D27A2D10400419F86 /* ItemView+RXDSContainerConfigurable.swift */ = {isa = PBXFileReference; lastKnownFileType = sourcecode.swift; path = "ItemView+RXDSContainerConfigurable.swift"; sourceTree = "<group>"; };
		F5E4C9D627A15A6D005CFB6D /* MVVMCDemoProject.app */ = {isa = PBXFileReference; explicitFileType = wrapper.application; includeInIndex = 0; path = MVVMCDemoProject.app; sourceTree = BUILT_PRODUCTS_DIR; };
		F5E4C9D927A15A6D005CFB6D /* AppDelegate.swift */ = {isa = PBXFileReference; lastKnownFileType = sourcecode.swift; path = AppDelegate.swift; sourceTree = "<group>"; };
		F5E4C9E227A15A70005CFB6D /* Assets.xcassets */ = {isa = PBXFileReference; lastKnownFileType = folder.assetcatalog; path = Assets.xcassets; sourceTree = "<group>"; };
		F5E4C9E527A15A70005CFB6D /* Base */ = {isa = PBXFileReference; lastKnownFileType = file.storyboard; name = Base; path = Base.lproj/LaunchScreen.storyboard; sourceTree = "<group>"; };
		F5E4C9E727A15A70005CFB6D /* Info.plist */ = {isa = PBXFileReference; lastKnownFileType = text.plist.xml; path = Info.plist; sourceTree = "<group>"; };
		F5E4C9EC27A15A70005CFB6D /* MVVMCDemoProjectTests.xctest */ = {isa = PBXFileReference; explicitFileType = wrapper.cfbundle; includeInIndex = 0; path = MVVMCDemoProjectTests.xctest; sourceTree = BUILT_PRODUCTS_DIR; };
		F5E4C9F027A15A70005CFB6D /* MVVMCDemoProjectTests.swift */ = {isa = PBXFileReference; lastKnownFileType = sourcecode.swift; path = MVVMCDemoProjectTests.swift; sourceTree = "<group>"; };
		F5E4C9F627A15A70005CFB6D /* MVVMCDemoProjectUITests.xctest */ = {isa = PBXFileReference; explicitFileType = wrapper.cfbundle; includeInIndex = 0; path = MVVMCDemoProjectUITests.xctest; sourceTree = BUILT_PRODUCTS_DIR; };
		F5E4C9FA27A15A70005CFB6D /* MVVMCDemoProjectUITests.swift */ = {isa = PBXFileReference; lastKnownFileType = sourcecode.swift; path = MVVMCDemoProjectUITests.swift; sourceTree = "<group>"; };
		F5E4C9FC27A15A70005CFB6D /* MVVMCDemoProjectUITestsLaunchTests.swift */ = {isa = PBXFileReference; lastKnownFileType = sourcecode.swift; path = MVVMCDemoProjectUITestsLaunchTests.swift; sourceTree = "<group>"; };
		FE71D3CD616B930EE1CFA6B6 /* Pods_MVVMCDemoProject_MVVMCDemoProjectUITests.framework */ = {isa = PBXFileReference; explicitFileType = wrapper.framework; includeInIndex = 0; path = Pods_MVVMCDemoProject_MVVMCDemoProjectUITests.framework; sourceTree = BUILT_PRODUCTS_DIR; };
/* End PBXFileReference section */

/* Begin PBXFrameworksBuildPhase section */
		F5E4C9D327A15A6D005CFB6D /* Frameworks */ = {
			isa = PBXFrameworksBuildPhase;
			buildActionMask = 2147483647;
			files = (
				C12ACE9B78172DFA4CC02611 /* Pods_MVVMCDemoProject.framework in Frameworks */,
			);
			runOnlyForDeploymentPostprocessing = 0;
		};
		F5E4C9E927A15A70005CFB6D /* Frameworks */ = {
			isa = PBXFrameworksBuildPhase;
			buildActionMask = 2147483647;
			files = (
				AF9FB441FA6CB7D02C304F1A /* Pods_MVVMCDemoProjectTests.framework in Frameworks */,
			);
			runOnlyForDeploymentPostprocessing = 0;
		};
		F5E4C9F327A15A70005CFB6D /* Frameworks */ = {
			isa = PBXFrameworksBuildPhase;
			buildActionMask = 2147483647;
			files = (
				7E91D51C1BA30688EC35B65B /* Pods_MVVMCDemoProject_MVVMCDemoProjectUITests.framework in Frameworks */,
			);
			runOnlyForDeploymentPostprocessing = 0;
		};
/* End PBXFrameworksBuildPhase section */

/* Begin PBXGroup section */
		3E5F29BA5CA523FEE120015C /* Frameworks */ = {
			isa = PBXGroup;
			children = (
				B23B6AD02A7364CDC489F4E7 /* Pods_MVVMCDemoProject.framework */,
				FE71D3CD616B930EE1CFA6B6 /* Pods_MVVMCDemoProject_MVVMCDemoProjectUITests.framework */,
				3AD6265DB5D7DAC2CE28CDD4 /* Pods_MVVMCDemoProjectTests.framework */,
			);
			name = Frameworks;
			sourceTree = "<group>";
		};
		846B1743D4CC0BDDCAD66880 /* Pods */ = {
			isa = PBXGroup;
			children = (
				BDF8A30AC3CA438A707D3A8A /* Pods-MVVMCDemoProject.debug.xcconfig */,
				F230D63A625F01570C316708 /* Pods-MVVMCDemoProject.release.xcconfig */,
				D9F758AEAD60DE7DAAFB00F2 /* Pods-MVVMCDemoProject-MVVMCDemoProjectUITests.debug.xcconfig */,
				1DF3FB660847B9B6BEAD3E88 /* Pods-MVVMCDemoProject-MVVMCDemoProjectUITests.release.xcconfig */,
				2868F037F8F728BECCA634A4 /* Pods-MVVMCDemoProjectTests.debug.xcconfig */,
				8529496844BFBD6D54716297 /* Pods-MVVMCDemoProjectTests.release.xcconfig */,
			);
			path = Pods;
			sourceTree = "<group>";
		};
		F5DD287827A16D3600419F86 /* Coordinators */ = {
			isa = PBXGroup;
			children = (
				F5DD287927A16D8200419F86 /* AppWindowCoordinator.swift */,
				F5DD287B27A16E8400419F86 /* MainCoordinator.swift */,
			);
			path = Coordinators;
			sourceTree = "<group>";
		};
		F5DD287D27A1721400419F86 /* Modules */ = {
			isa = PBXGroup;
			children = (
				F5DD288927A1758400419F86 /* ItemList */,
				F5DD288827A1757D00419F86 /* ItemDetail */,
			);
			path = Modules;
			sourceTree = "<group>";
		};
		F5DD288827A1757D00419F86 /* ItemDetail */ = {
			isa = PBXGroup;
			children = (
				F5DD289027A288E400419F86 /* ItemDetailViewController.swift */,
				F5DD289127A288E400419F86 /* ItemDetailView.swift */,
				F5DD289227A288E400419F86 /* ItemDetailViewModel.swift */,
				F5DD289327A288E400419F86 /* ItemDetailConfigurator.swift */,
				F5DD289427A288E400419F86 /* ItemDetail+Infrastructure.swift */,
			);
			path = ItemDetail;
			sourceTree = "<group>";
		};
		F5DD288927A1758400419F86 /* ItemList */ = {
			isa = PBXGroup;
			children = (
				F5DD289A27A2C6CE00419F86 /* ItemView */,
				F5DD287E27A1725F00419F86 /* ItemListViewController.swift */,
				F5DD287F27A1725F00419F86 /* ItemListView.swift */,
				F5DD288027A1725F00419F86 /* ItemListViewModel.swift */,
				F5DD288127A1725F00419F86 /* ItemListConfigurator.swift */,
				F5DD288227A1725F00419F86 /* ItemList+Infrastructure.swift */,
			);
			path = ItemList;
			sourceTree = "<group>";
		};
		F5DD289A27A2C6CE00419F86 /* ItemView */ = {
			isa = PBXGroup;
			children = (
				F5DD289B27A2C70800419F86 /* ItemView.swift */,
				F5DD289D27A2D10400419F86 /* ItemView+RXDSContainerConfigurable.swift */,
			);
			path = ItemView;
			sourceTree = "<group>";
		};
		F5E4C9CD27A15A6D005CFB6D = {
			isa = PBXGroup;
			children = (
				F5E4C9D827A15A6D005CFB6D /* MVVMCDemoProject */,
				F5E4C9EF27A15A70005CFB6D /* MVVMCDemoProjectTests */,
				F5E4C9F927A15A70005CFB6D /* MVVMCDemoProjectUITests */,
				F5E4C9D727A15A6D005CFB6D /* Products */,
				846B1743D4CC0BDDCAD66880 /* Pods */,
				3E5F29BA5CA523FEE120015C /* Frameworks */,
			);
			sourceTree = "<group>";
		};
		F5E4C9D727A15A6D005CFB6D /* Products */ = {
			isa = PBXGroup;
			children = (
				F5E4C9D627A15A6D005CFB6D /* MVVMCDemoProject.app */,
				F5E4C9EC27A15A70005CFB6D /* MVVMCDemoProjectTests.xctest */,
				F5E4C9F627A15A70005CFB6D /* MVVMCDemoProjectUITests.xctest */,
			);
			name = Products;
			sourceTree = "<group>";
		};
		F5E4C9D827A15A6D005CFB6D /* MVVMCDemoProject */ = {
			isa = PBXGroup;
			children = (
				F5E4C9D927A15A6D005CFB6D /* AppDelegate.swift */,
				F5DD287827A16D3600419F86 /* Coordinators */,
				F5DD287D27A1721400419F86 /* Modules */,
				F5E4C9E227A15A70005CFB6D /* Assets.xcassets */,
				F5E4C9E427A15A70005CFB6D /* LaunchScreen.storyboard */,
				F5E4C9E727A15A70005CFB6D /* Info.plist */,
			);
			path = MVVMCDemoProject;
			sourceTree = "<group>";
		};
		F5E4C9EF27A15A70005CFB6D /* MVVMCDemoProjectTests */ = {
			isa = PBXGroup;
			children = (
				F5E4C9F027A15A70005CFB6D /* MVVMCDemoProjectTests.swift */,
			);
			path = MVVMCDemoProjectTests;
			sourceTree = "<group>";
		};
		F5E4C9F927A15A70005CFB6D /* MVVMCDemoProjectUITests */ = {
			isa = PBXGroup;
			children = (
				F5E4C9FA27A15A70005CFB6D /* MVVMCDemoProjectUITests.swift */,
				F5E4C9FC27A15A70005CFB6D /* MVVMCDemoProjectUITestsLaunchTests.swift */,
			);
			path = MVVMCDemoProjectUITests;
			sourceTree = "<group>";
		};
/* End PBXGroup section */

/* Begin PBXNativeTarget section */
		F5E4C9D527A15A6D005CFB6D /* MVVMCDemoProject */ = {
			isa = PBXNativeTarget;
			buildConfigurationList = F5E4CA0027A15A70005CFB6D /* Build configuration list for PBXNativeTarget "MVVMCDemoProject" */;
			buildPhases = (
				B1538C42E703DABC9A79666E /* [CP] Check Pods Manifest.lock */,
				F5E4C9D227A15A6D005CFB6D /* Sources */,
				F5E4C9D327A15A6D005CFB6D /* Frameworks */,
				F5E4C9D427A15A6D005CFB6D /* Resources */,
				674E56A4DA710A836250492B /* [CP] Embed Pods Frameworks */,
			);
			buildRules = (
			);
			dependencies = (
			);
			name = MVVMCDemoProject;
			productName = MVVMCDemoProject;
			productReference = F5E4C9D627A15A6D005CFB6D /* MVVMCDemoProject.app */;
			productType = "com.apple.product-type.application";
		};
		F5E4C9EB27A15A70005CFB6D /* MVVMCDemoProjectTests */ = {
			isa = PBXNativeTarget;
			buildConfigurationList = F5E4CA0327A15A70005CFB6D /* Build configuration list for PBXNativeTarget "MVVMCDemoProjectTests" */;
			buildPhases = (
				9248BB2344FB2AE5210FC1DA /* [CP] Check Pods Manifest.lock */,
				F5E4C9E827A15A70005CFB6D /* Sources */,
				F5E4C9E927A15A70005CFB6D /* Frameworks */,
				F5E4C9EA27A15A70005CFB6D /* Resources */,
			);
			buildRules = (
			);
			dependencies = (
				F5E4C9EE27A15A70005CFB6D /* PBXTargetDependency */,
			);
			name = MVVMCDemoProjectTests;
			productName = MVVMCDemoProjectTests;
			productReference = F5E4C9EC27A15A70005CFB6D /* MVVMCDemoProjectTests.xctest */;
			productType = "com.apple.product-type.bundle.unit-test";
		};
		F5E4C9F527A15A70005CFB6D /* MVVMCDemoProjectUITests */ = {
			isa = PBXNativeTarget;
			buildConfigurationList = F5E4CA0627A15A70005CFB6D /* Build configuration list for PBXNativeTarget "MVVMCDemoProjectUITests" */;
			buildPhases = (
				EFE5AD77CBC522C30ACCC64D /* [CP] Check Pods Manifest.lock */,
				F5E4C9F227A15A70005CFB6D /* Sources */,
				F5E4C9F327A15A70005CFB6D /* Frameworks */,
				F5E4C9F427A15A70005CFB6D /* Resources */,
				3A20974D851B7936A3244DA3 /* [CP] Embed Pods Frameworks */,
			);
			buildRules = (
			);
			dependencies = (
				F5E4C9F827A15A70005CFB6D /* PBXTargetDependency */,
			);
			name = MVVMCDemoProjectUITests;
			productName = MVVMCDemoProjectUITests;
			productReference = F5E4C9F627A15A70005CFB6D /* MVVMCDemoProjectUITests.xctest */;
			productType = "com.apple.product-type.bundle.ui-testing";
		};
/* End PBXNativeTarget section */

/* Begin PBXProject section */
		F5E4C9CE27A15A6D005CFB6D /* Project object */ = {
			isa = PBXProject;
			attributes = {
				BuildIndependentTargetsInParallel = 1;
				LastSwiftUpdateCheck = 1320;
				LastUpgradeCheck = 1320;
				TargetAttributes = {
					F5E4C9D527A15A6D005CFB6D = {
						CreatedOnToolsVersion = 13.2.1;
					};
					F5E4C9EB27A15A70005CFB6D = {
						CreatedOnToolsVersion = 13.2.1;
						TestTargetID = F5E4C9D527A15A6D005CFB6D;
					};
					F5E4C9F527A15A70005CFB6D = {
						CreatedOnToolsVersion = 13.2.1;
						TestTargetID = F5E4C9D527A15A6D005CFB6D;
					};
				};
			};
			buildConfigurationList = F5E4C9D127A15A6D005CFB6D /* Build configuration list for PBXProject "MVVMCDemoProject" */;
			compatibilityVersion = "Xcode 13.0";
			developmentRegion = en;
			hasScannedForEncodings = 0;
			knownRegions = (
				en,
				Base,
			);
			mainGroup = F5E4C9CD27A15A6D005CFB6D;
			productRefGroup = F5E4C9D727A15A6D005CFB6D /* Products */;
			projectDirPath = "";
			projectRoot = "";
			targets = (
				F5E4C9D527A15A6D005CFB6D /* MVVMCDemoProject */,
				F5E4C9EB27A15A70005CFB6D /* MVVMCDemoProjectTests */,
				F5E4C9F527A15A70005CFB6D /* MVVMCDemoProjectUITests */,
			);
		};
/* End PBXProject section */

/* Begin PBXResourcesBuildPhase section */
		F5E4C9D427A15A6D005CFB6D /* Resources */ = {
			isa = PBXResourcesBuildPhase;
			buildActionMask = 2147483647;
			files = (
				F5E4C9E627A15A70005CFB6D /* LaunchScreen.storyboard in Resources */,
				F5E4C9E327A15A70005CFB6D /* Assets.xcassets in Resources */,
			);
			runOnlyForDeploymentPostprocessing = 0;
		};
		F5E4C9EA27A15A70005CFB6D /* Resources */ = {
			isa = PBXResourcesBuildPhase;
			buildActionMask = 2147483647;
			files = (
			);
			runOnlyForDeploymentPostprocessing = 0;
		};
		F5E4C9F427A15A70005CFB6D /* Resources */ = {
			isa = PBXResourcesBuildPhase;
			buildActionMask = 2147483647;
			files = (
			);
			runOnlyForDeploymentPostprocessing = 0;
		};
/* End PBXResourcesBuildPhase section */

/* Begin PBXShellScriptBuildPhase section */
		3A20974D851B7936A3244DA3 /* [CP] Embed Pods Frameworks */ = {
			isa = PBXShellScriptBuildPhase;
			buildActionMask = 2147483647;
			files = (
			);
			inputFileListPaths = (
				"${PODS_ROOT}/Target Support Files/Pods-MVVMCDemoProject-MVVMCDemoProjectUITests/Pods-MVVMCDemoProject-MVVMCDemoProjectUITests-frameworks-${CONFIGURATION}-input-files.xcfilelist",
			);
			name = "[CP] Embed Pods Frameworks";
			outputFileListPaths = (
				"${PODS_ROOT}/Target Support Files/Pods-MVVMCDemoProject-MVVMCDemoProjectUITests/Pods-MVVMCDemoProject-MVVMCDemoProjectUITests-frameworks-${CONFIGURATION}-output-files.xcfilelist",
			);
			runOnlyForDeploymentPostprocessing = 0;
			shellPath = /bin/sh;
			shellScript = "\"${PODS_ROOT}/Target Support Files/Pods-MVVMCDemoProject-MVVMCDemoProjectUITests/Pods-MVVMCDemoProject-MVVMCDemoProjectUITests-frameworks.sh\"\n";
			showEnvVarsInLog = 0;
		};
		674E56A4DA710A836250492B /* [CP] Embed Pods Frameworks */ = {
			isa = PBXShellScriptBuildPhase;
			buildActionMask = 2147483647;
			files = (
			);
			inputFileListPaths = (
				"${PODS_ROOT}/Target Support Files/Pods-MVVMCDemoProject/Pods-MVVMCDemoProject-frameworks-${CONFIGURATION}-input-files.xcfilelist",
			);
			name = "[CP] Embed Pods Frameworks";
			outputFileListPaths = (
				"${PODS_ROOT}/Target Support Files/Pods-MVVMCDemoProject/Pods-MVVMCDemoProject-frameworks-${CONFIGURATION}-output-files.xcfilelist",
			);
			runOnlyForDeploymentPostprocessing = 0;
			shellPath = /bin/sh;
			shellScript = "\"${PODS_ROOT}/Target Support Files/Pods-MVVMCDemoProject/Pods-MVVMCDemoProject-frameworks.sh\"\n";
			showEnvVarsInLog = 0;
		};
		9248BB2344FB2AE5210FC1DA /* [CP] Check Pods Manifest.lock */ = {
			isa = PBXShellScriptBuildPhase;
			buildActionMask = 2147483647;
			files = (
			);
			inputFileListPaths = (
			);
			inputPaths = (
				"${PODS_PODFILE_DIR_PATH}/Podfile.lock",
				"${PODS_ROOT}/Manifest.lock",
			);
			name = "[CP] Check Pods Manifest.lock";
			outputFileListPaths = (
			);
			outputPaths = (
				"$(DERIVED_FILE_DIR)/Pods-MVVMCDemoProjectTests-checkManifestLockResult.txt",
			);
			runOnlyForDeploymentPostprocessing = 0;
			shellPath = /bin/sh;
			shellScript = "diff \"${PODS_PODFILE_DIR_PATH}/Podfile.lock\" \"${PODS_ROOT}/Manifest.lock\" > /dev/null\nif [ $? != 0 ] ; then\n    # print error to STDERR\n    echo \"error: The sandbox is not in sync with the Podfile.lock. Run 'pod install' or update your CocoaPods installation.\" >&2\n    exit 1\nfi\n# This output is used by Xcode 'outputs' to avoid re-running this script phase.\necho \"SUCCESS\" > \"${SCRIPT_OUTPUT_FILE_0}\"\n";
			showEnvVarsInLog = 0;
		};
		B1538C42E703DABC9A79666E /* [CP] Check Pods Manifest.lock */ = {
			isa = PBXShellScriptBuildPhase;
			buildActionMask = 2147483647;
			files = (
			);
			inputFileListPaths = (
			);
			inputPaths = (
				"${PODS_PODFILE_DIR_PATH}/Podfile.lock",
				"${PODS_ROOT}/Manifest.lock",
			);
			name = "[CP] Check Pods Manifest.lock";
			outputFileListPaths = (
			);
			outputPaths = (
				"$(DERIVED_FILE_DIR)/Pods-MVVMCDemoProject-checkManifestLockResult.txt",
			);
			runOnlyForDeploymentPostprocessing = 0;
			shellPath = /bin/sh;
			shellScript = "diff \"${PODS_PODFILE_DIR_PATH}/Podfile.lock\" \"${PODS_ROOT}/Manifest.lock\" > /dev/null\nif [ $? != 0 ] ; then\n    # print error to STDERR\n    echo \"error: The sandbox is not in sync with the Podfile.lock. Run 'pod install' or update your CocoaPods installation.\" >&2\n    exit 1\nfi\n# This output is used by Xcode 'outputs' to avoid re-running this script phase.\necho \"SUCCESS\" > \"${SCRIPT_OUTPUT_FILE_0}\"\n";
			showEnvVarsInLog = 0;
		};
		EFE5AD77CBC522C30ACCC64D /* [CP] Check Pods Manifest.lock */ = {
			isa = PBXShellScriptBuildPhase;
			buildActionMask = 2147483647;
			files = (
			);
			inputFileListPaths = (
			);
			inputPaths = (
				"${PODS_PODFILE_DIR_PATH}/Podfile.lock",
				"${PODS_ROOT}/Manifest.lock",
			);
			name = "[CP] Check Pods Manifest.lock";
			outputFileListPaths = (
			);
			outputPaths = (
				"$(DERIVED_FILE_DIR)/Pods-MVVMCDemoProject-MVVMCDemoProjectUITests-checkManifestLockResult.txt",
			);
			runOnlyForDeploymentPostprocessing = 0;
			shellPath = /bin/sh;
			shellScript = "diff \"${PODS_PODFILE_DIR_PATH}/Podfile.lock\" \"${PODS_ROOT}/Manifest.lock\" > /dev/null\nif [ $? != 0 ] ; then\n    # print error to STDERR\n    echo \"error: The sandbox is not in sync with the Podfile.lock. Run 'pod install' or update your CocoaPods installation.\" >&2\n    exit 1\nfi\n# This output is used by Xcode 'outputs' to avoid re-running this script phase.\necho \"SUCCESS\" > \"${SCRIPT_OUTPUT_FILE_0}\"\n";
			showEnvVarsInLog = 0;
		};
/* End PBXShellScriptBuildPhase section */

/* Begin PBXSourcesBuildPhase section */
		F5E4C9D227A15A6D005CFB6D /* Sources */ = {
			isa = PBXSourcesBuildPhase;
			buildActionMask = 2147483647;
			files = (
				F5DD289527A288E400419F86 /* ItemDetailViewController.swift in Sources */,
				F5DD288627A1725F00419F86 /* ItemListConfigurator.swift in Sources */,
				F5DD288427A1725F00419F86 /* ItemListView.swift in Sources */,
				F5DD289627A288E400419F86 /* ItemDetailView.swift in Sources */,
				F5DD288527A1725F00419F86 /* ItemListViewModel.swift in Sources */,
				F5DD287A27A16D8200419F86 /* AppWindowCoordinator.swift in Sources */,
				F5DD289927A288E400419F86 /* ItemDetail+Infrastructure.swift in Sources */,
				F5DD288327A1725F00419F86 /* ItemListViewController.swift in Sources */,
				F5DD287C27A16E8400419F86 /* MainCoordinator.swift in Sources */,
				F5E4C9DA27A15A6D005CFB6D /* AppDelegate.swift in Sources */,
				F5DD289727A288E400419F86 /* ItemDetailViewModel.swift in Sources */,
				F5DD289C27A2C70800419F86 /* ItemView.swift in Sources */,
				F5DD289E27A2D10400419F86 /* ItemView+RXDSContainerConfigurable.swift in Sources */,
				F5DD288727A1725F00419F86 /* ItemList+Infrastructure.swift in Sources */,
				F5DD289827A288E400419F86 /* ItemDetailConfigurator.swift in Sources */,
			);
			runOnlyForDeploymentPostprocessing = 0;
		};
		F5E4C9E827A15A70005CFB6D /* Sources */ = {
			isa = PBXSourcesBuildPhase;
			buildActionMask = 2147483647;
			files = (
				F5E4C9F127A15A70005CFB6D /* MVVMCDemoProjectTests.swift in Sources */,
			);
			runOnlyForDeploymentPostprocessing = 0;
		};
		F5E4C9F227A15A70005CFB6D /* Sources */ = {
			isa = PBXSourcesBuildPhase;
			buildActionMask = 2147483647;
			files = (
				F5E4C9FB27A15A70005CFB6D /* MVVMCDemoProjectUITests.swift in Sources */,
				F5E4C9FD27A15A70005CFB6D /* MVVMCDemoProjectUITestsLaunchTests.swift in Sources */,
			);
			runOnlyForDeploymentPostprocessing = 0;
		};
/* End PBXSourcesBuildPhase section */

/* Begin PBXTargetDependency section */
		F5E4C9EE27A15A70005CFB6D /* PBXTargetDependency */ = {
			isa = PBXTargetDependency;
			target = F5E4C9D527A15A6D005CFB6D /* MVVMCDemoProject */;
			targetProxy = F5E4C9ED27A15A70005CFB6D /* PBXContainerItemProxy */;
		};
		F5E4C9F827A15A70005CFB6D /* PBXTargetDependency */ = {
			isa = PBXTargetDependency;
			target = F5E4C9D527A15A6D005CFB6D /* MVVMCDemoProject */;
			targetProxy = F5E4C9F727A15A70005CFB6D /* PBXContainerItemProxy */;
		};
/* End PBXTargetDependency section */

/* Begin PBXVariantGroup section */
		F5E4C9E427A15A70005CFB6D /* LaunchScreen.storyboard */ = {
			isa = PBXVariantGroup;
			children = (
				F5E4C9E527A15A70005CFB6D /* Base */,
			);
			name = LaunchScreen.storyboard;
			sourceTree = "<group>";
		};
/* End PBXVariantGroup section */

/* Begin XCBuildConfiguration section */
		F5E4C9FE27A15A70005CFB6D /* Debug */ = {
			isa = XCBuildConfiguration;
			buildSettings = {
				ALWAYS_SEARCH_USER_PATHS = NO;
				CLANG_ANALYZER_NONNULL = YES;
				CLANG_ANALYZER_NUMBER_OBJECT_CONVERSION = YES_AGGRESSIVE;
				CLANG_CXX_LANGUAGE_STANDARD = "gnu++17";
				CLANG_CXX_LIBRARY = "libc++";
				CLANG_ENABLE_MODULES = YES;
				CLANG_ENABLE_OBJC_ARC = YES;
				CLANG_ENABLE_OBJC_WEAK = YES;
				CLANG_WARN_BLOCK_CAPTURE_AUTORELEASING = YES;
				CLANG_WARN_BOOL_CONVERSION = YES;
				CLANG_WARN_COMMA = YES;
				CLANG_WARN_CONSTANT_CONVERSION = YES;
				CLANG_WARN_DEPRECATED_OBJC_IMPLEMENTATIONS = YES;
				CLANG_WARN_DIRECT_OBJC_ISA_USAGE = YES_ERROR;
				CLANG_WARN_DOCUMENTATION_COMMENTS = YES;
				CLANG_WARN_EMPTY_BODY = YES;
				CLANG_WARN_ENUM_CONVERSION = YES;
				CLANG_WARN_INFINITE_RECURSION = YES;
				CLANG_WARN_INT_CONVERSION = YES;
				CLANG_WARN_NON_LITERAL_NULL_CONVERSION = YES;
				CLANG_WARN_OBJC_IMPLICIT_RETAIN_SELF = YES;
				CLANG_WARN_OBJC_LITERAL_CONVERSION = YES;
				CLANG_WARN_OBJC_ROOT_CLASS = YES_ERROR;
				CLANG_WARN_QUOTED_INCLUDE_IN_FRAMEWORK_HEADER = YES;
				CLANG_WARN_RANGE_LOOP_ANALYSIS = YES;
				CLANG_WARN_STRICT_PROTOTYPES = YES;
				CLANG_WARN_SUSPICIOUS_MOVE = YES;
				CLANG_WARN_UNGUARDED_AVAILABILITY = YES_AGGRESSIVE;
				CLANG_WARN_UNREACHABLE_CODE = YES;
				CLANG_WARN__DUPLICATE_METHOD_MATCH = YES;
				COPY_PHASE_STRIP = NO;
				DEBUG_INFORMATION_FORMAT = dwarf;
				ENABLE_STRICT_OBJC_MSGSEND = YES;
				ENABLE_TESTABILITY = YES;
				GCC_C_LANGUAGE_STANDARD = gnu11;
				GCC_DYNAMIC_NO_PIC = NO;
				GCC_NO_COMMON_BLOCKS = YES;
				GCC_OPTIMIZATION_LEVEL = 0;
				GCC_PREPROCESSOR_DEFINITIONS = (
					"DEBUG=1",
					"$(inherited)",
				);
				GCC_WARN_64_TO_32_BIT_CONVERSION = YES;
				GCC_WARN_ABOUT_RETURN_TYPE = YES_ERROR;
				GCC_WARN_UNDECLARED_SELECTOR = YES;
				GCC_WARN_UNINITIALIZED_AUTOS = YES_AGGRESSIVE;
				GCC_WARN_UNUSED_FUNCTION = YES;
				GCC_WARN_UNUSED_VARIABLE = YES;
				IPHONEOS_DEPLOYMENT_TARGET = 15.2;
				MTL_ENABLE_DEBUG_INFO = INCLUDE_SOURCE;
				MTL_FAST_MATH = YES;
				ONLY_ACTIVE_ARCH = YES;
				SDKROOT = iphoneos;
				SWIFT_ACTIVE_COMPILATION_CONDITIONS = DEBUG;
				SWIFT_OPTIMIZATION_LEVEL = "-Onone";
			};
			name = Debug;
		};
		F5E4C9FF27A15A70005CFB6D /* Release */ = {
			isa = XCBuildConfiguration;
			buildSettings = {
				ALWAYS_SEARCH_USER_PATHS = NO;
				CLANG_ANALYZER_NONNULL = YES;
				CLANG_ANALYZER_NUMBER_OBJECT_CONVERSION = YES_AGGRESSIVE;
				CLANG_CXX_LANGUAGE_STANDARD = "gnu++17";
				CLANG_CXX_LIBRARY = "libc++";
				CLANG_ENABLE_MODULES = YES;
				CLANG_ENABLE_OBJC_ARC = YES;
				CLANG_ENABLE_OBJC_WEAK = YES;
				CLANG_WARN_BLOCK_CAPTURE_AUTORELEASING = YES;
				CLANG_WARN_BOOL_CONVERSION = YES;
				CLANG_WARN_COMMA = YES;
				CLANG_WARN_CONSTANT_CONVERSION = YES;
				CLANG_WARN_DEPRECATED_OBJC_IMPLEMENTATIONS = YES;
				CLANG_WARN_DIRECT_OBJC_ISA_USAGE = YES_ERROR;
				CLANG_WARN_DOCUMENTATION_COMMENTS = YES;
				CLANG_WARN_EMPTY_BODY = YES;
				CLANG_WARN_ENUM_CONVERSION = YES;
				CLANG_WARN_INFINITE_RECURSION = YES;
				CLANG_WARN_INT_CONVERSION = YES;
				CLANG_WARN_NON_LITERAL_NULL_CONVERSION = YES;
				CLANG_WARN_OBJC_IMPLICIT_RETAIN_SELF = YES;
				CLANG_WARN_OBJC_LITERAL_CONVERSION = YES;
				CLANG_WARN_OBJC_ROOT_CLASS = YES_ERROR;
				CLANG_WARN_QUOTED_INCLUDE_IN_FRAMEWORK_HEADER = YES;
				CLANG_WARN_RANGE_LOOP_ANALYSIS = YES;
				CLANG_WARN_STRICT_PROTOTYPES = YES;
				CLANG_WARN_SUSPICIOUS_MOVE = YES;
				CLANG_WARN_UNGUARDED_AVAILABILITY = YES_AGGRESSIVE;
				CLANG_WARN_UNREACHABLE_CODE = YES;
				CLANG_WARN__DUPLICATE_METHOD_MATCH = YES;
				COPY_PHASE_STRIP = NO;
				DEBUG_INFORMATION_FORMAT = "dwarf-with-dsym";
				ENABLE_NS_ASSERTIONS = NO;
				ENABLE_STRICT_OBJC_MSGSEND = YES;
				GCC_C_LANGUAGE_STANDARD = gnu11;
				GCC_NO_COMMON_BLOCKS = YES;
				GCC_WARN_64_TO_32_BIT_CONVERSION = YES;
				GCC_WARN_ABOUT_RETURN_TYPE = YES_ERROR;
				GCC_WARN_UNDECLARED_SELECTOR = YES;
				GCC_WARN_UNINITIALIZED_AUTOS = YES_AGGRESSIVE;
				GCC_WARN_UNUSED_FUNCTION = YES;
				GCC_WARN_UNUSED_VARIABLE = YES;
				IPHONEOS_DEPLOYMENT_TARGET = 15.2;
				MTL_ENABLE_DEBUG_INFO = NO;
				MTL_FAST_MATH = YES;
				SDKROOT = iphoneos;
				SWIFT_COMPILATION_MODE = wholemodule;
				SWIFT_OPTIMIZATION_LEVEL = "-O";
				VALIDATE_PRODUCT = YES;
			};
			name = Release;
		};
		F5E4CA0127A15A70005CFB6D /* Debug */ = {
			isa = XCBuildConfiguration;
			baseConfigurationReference = BDF8A30AC3CA438A707D3A8A /* Pods-MVVMCDemoProject.debug.xcconfig */;
			buildSettings = {
				ASSETCATALOG_COMPILER_APPICON_NAME = AppIcon;
				ASSETCATALOG_COMPILER_GLOBAL_ACCENT_COLOR_NAME = AccentColor;
				CODE_SIGN_STYLE = Automatic;
				CURRENT_PROJECT_VERSION = 1;
				DEVELOPMENT_TEAM = NU9LYD59KJ;
				GENERATE_INFOPLIST_FILE = YES;
				INFOPLIST_FILE = MVVMCDemoProject/Info.plist;
				INFOPLIST_KEY_UIApplicationSupportsIndirectInputEvents = YES;
				INFOPLIST_KEY_UILaunchStoryboardName = LaunchScreen;
				INFOPLIST_KEY_UISupportedInterfaceOrientations_iPad = "UIInterfaceOrientationPortrait UIInterfaceOrientationPortraitUpsideDown UIInterfaceOrientationLandscapeLeft UIInterfaceOrientationLandscapeRight";
				INFOPLIST_KEY_UISupportedInterfaceOrientations_iPhone = "UIInterfaceOrientationPortrait UIInterfaceOrientationLandscapeLeft UIInterfaceOrientationLandscapeRight";
				IPHONEOS_DEPLOYMENT_TARGET = 15.1;
				LD_RUNPATH_SEARCH_PATHS = (
					"$(inherited)",
					"@executable_path/Frameworks",
				);
				MARKETING_VERSION = 1.0;
				PRODUCT_BUNDLE_IDENTIFIER = com.VladParamonov.MVVMCDemoProject;
				PRODUCT_NAME = "$(TARGET_NAME)";
				SWIFT_EMIT_LOC_STRINGS = YES;
				SWIFT_VERSION = 5.0;
				TARGETED_DEVICE_FAMILY = "1,2";
			};
			name = Debug;
		};
		F5E4CA0227A15A70005CFB6D /* Release */ = {
			isa = XCBuildConfiguration;
			baseConfigurationReference = F230D63A625F01570C316708 /* Pods-MVVMCDemoProject.release.xcconfig */;
			buildSettings = {
				ASSETCATALOG_COMPILER_APPICON_NAME = AppIcon;
				ASSETCATALOG_COMPILER_GLOBAL_ACCENT_COLOR_NAME = AccentColor;
				CODE_SIGN_STYLE = Automatic;
				CURRENT_PROJECT_VERSION = 1;
				DEVELOPMENT_TEAM = NU9LYD59KJ;
				GENERATE_INFOPLIST_FILE = YES;
				INFOPLIST_FILE = MVVMCDemoProject/Info.plist;
				INFOPLIST_KEY_UIApplicationSupportsIndirectInputEvents = YES;
				INFOPLIST_KEY_UILaunchStoryboardName = LaunchScreen;
				INFOPLIST_KEY_UISupportedInterfaceOrientations_iPad = "UIInterfaceOrientationPortrait UIInterfaceOrientationPortraitUpsideDown UIInterfaceOrientationLandscapeLeft UIInterfaceOrientationLandscapeRight";
				INFOPLIST_KEY_UISupportedInterfaceOrientations_iPhone = "UIInterfaceOrientationPortrait UIInterfaceOrientationLandscapeLeft UIInterfaceOrientationLandscapeRight";
				IPHONEOS_DEPLOYMENT_TARGET = 15.1;
				LD_RUNPATH_SEARCH_PATHS = (
					"$(inherited)",
					"@executable_path/Frameworks",
				);
				MARKETING_VERSION = 1.0;
				PRODUCT_BUNDLE_IDENTIFIER = com.VladParamonov.MVVMCDemoProject;
				PRODUCT_NAME = "$(TARGET_NAME)";
				SWIFT_EMIT_LOC_STRINGS = YES;
				SWIFT_VERSION = 5.0;
				TARGETED_DEVICE_FAMILY = "1,2";
			};
			name = Release;
		};
		F5E4CA0427A15A70005CFB6D /* Debug */ = {
			isa = XCBuildConfiguration;
			baseConfigurationReference = 2868F037F8F728BECCA634A4 /* Pods-MVVMCDemoProjectTests.debug.xcconfig */;
			buildSettings = {
				ALWAYS_EMBED_SWIFT_STANDARD_LIBRARIES = YES;
				BUNDLE_LOADER = "$(TEST_HOST)";
				CODE_SIGN_STYLE = Automatic;
				CURRENT_PROJECT_VERSION = 1;
				DEVELOPMENT_TEAM = NU9LYD59KJ;
				GENERATE_INFOPLIST_FILE = YES;
				IPHONEOS_DEPLOYMENT_TARGET = 15.2;
				MARKETING_VERSION = 1.0;
				PRODUCT_BUNDLE_IDENTIFIER = com.VladParamonov.MVVMCDemoProjectTests;
				PRODUCT_NAME = "$(TARGET_NAME)";
				SWIFT_EMIT_LOC_STRINGS = NO;
				SWIFT_VERSION = 5.0;
				TARGETED_DEVICE_FAMILY = "1,2";
				TEST_HOST = "$(BUILT_PRODUCTS_DIR)/MVVMCDemoProject.app/MVVMCDemoProject";
			};
			name = Debug;
		};
		F5E4CA0527A15A70005CFB6D /* Release */ = {
			isa = XCBuildConfiguration;
			baseConfigurationReference = 8529496844BFBD6D54716297 /* Pods-MVVMCDemoProjectTests.release.xcconfig */;
			buildSettings = {
				ALWAYS_EMBED_SWIFT_STANDARD_LIBRARIES = YES;
				BUNDLE_LOADER = "$(TEST_HOST)";
				CODE_SIGN_STYLE = Automatic;
				CURRENT_PROJECT_VERSION = 1;
				DEVELOPMENT_TEAM = NU9LYD59KJ;
				GENERATE_INFOPLIST_FILE = YES;
				IPHONEOS_DEPLOYMENT_TARGET = 15.2;
				MARKETING_VERSION = 1.0;
				PRODUCT_BUNDLE_IDENTIFIER = com.VladParamonov.MVVMCDemoProjectTests;
				PRODUCT_NAME = "$(TARGET_NAME)";
				SWIFT_EMIT_LOC_STRINGS = NO;
				SWIFT_VERSION = 5.0;
				TARGETED_DEVICE_FAMILY = "1,2";
				TEST_HOST = "$(BUILT_PRODUCTS_DIR)/MVVMCDemoProject.app/MVVMCDemoProject";
			};
			name = Release;
		};
		F5E4CA0727A15A70005CFB6D /* Debug */ = {
			isa = XCBuildConfiguration;
			baseConfigurationReference = D9F758AEAD60DE7DAAFB00F2 /* Pods-MVVMCDemoProject-MVVMCDemoProjectUITests.debug.xcconfig */;
			buildSettings = {
				ALWAYS_EMBED_SWIFT_STANDARD_LIBRARIES = YES;
				CODE_SIGN_STYLE = Automatic;
				CURRENT_PROJECT_VERSION = 1;
				DEVELOPMENT_TEAM = NU9LYD59KJ;
				GENERATE_INFOPLIST_FILE = YES;
				MARKETING_VERSION = 1.0;
				PRODUCT_BUNDLE_IDENTIFIER = com.VladParamonov.MVVMCDemoProjectUITests;
				PRODUCT_NAME = "$(TARGET_NAME)";
				SWIFT_EMIT_LOC_STRINGS = NO;
				SWIFT_VERSION = 5.0;
				TARGETED_DEVICE_FAMILY = "1,2";
				TEST_TARGET_NAME = MVVMCDemoProject;
			};
			name = Debug;
		};
		F5E4CA0827A15A70005CFB6D /* Release */ = {
			isa = XCBuildConfiguration;
			baseConfigurationReference = 1DF3FB660847B9B6BEAD3E88 /* Pods-MVVMCDemoProject-MVVMCDemoProjectUITests.release.xcconfig */;
			buildSettings = {
				ALWAYS_EMBED_SWIFT_STANDARD_LIBRARIES = YES;
				CODE_SIGN_STYLE = Automatic;
				CURRENT_PROJECT_VERSION = 1;
				DEVELOPMENT_TEAM = NU9LYD59KJ;
				GENERATE_INFOPLIST_FILE = YES;
				MARKETING_VERSION = 1.0;
				PRODUCT_BUNDLE_IDENTIFIER = com.VladParamonov.MVVMCDemoProjectUITests;
				PRODUCT_NAME = "$(TARGET_NAME)";
				SWIFT_EMIT_LOC_STRINGS = NO;
				SWIFT_VERSION = 5.0;
				TARGETED_DEVICE_FAMILY = "1,2";
				TEST_TARGET_NAME = MVVMCDemoProject;
			};
			name = Release;
		};
/* End XCBuildConfiguration section */

/* Begin XCConfigurationList section */
		F5E4C9D127A15A6D005CFB6D /* Build configuration list for PBXProject "MVVMCDemoProject" */ = {
			isa = XCConfigurationList;
			buildConfigurations = (
				F5E4C9FE27A15A70005CFB6D /* Debug */,
				F5E4C9FF27A15A70005CFB6D /* Release */,
			);
			defaultConfigurationIsVisible = 0;
			defaultConfigurationName = Release;
		};
		F5E4CA0027A15A70005CFB6D /* Build configuration list for PBXNativeTarget "MVVMCDemoProject" */ = {
			isa = XCConfigurationList;
			buildConfigurations = (
				F5E4CA0127A15A70005CFB6D /* Debug */,
				F5E4CA0227A15A70005CFB6D /* Release */,
			);
			defaultConfigurationIsVisible = 0;
			defaultConfigurationName = Release;
		};
		F5E4CA0327A15A70005CFB6D /* Build configuration list for PBXNativeTarget "MVVMCDemoProjectTests" */ = {
			isa = XCConfigurationList;
			buildConfigurations = (
				F5E4CA0427A15A70005CFB6D /* Debug */,
				F5E4CA0527A15A70005CFB6D /* Release */,
			);
			defaultConfigurationIsVisible = 0;
			defaultConfigurationName = Release;
		};
		F5E4CA0627A15A70005CFB6D /* Build configuration list for PBXNativeTarget "MVVMCDemoProjectUITests" */ = {
			isa = XCConfigurationList;
			buildConfigurations = (
				F5E4CA0727A15A70005CFB6D /* Debug */,
				F5E4CA0827A15A70005CFB6D /* Release */,
			);
			defaultConfigurationIsVisible = 0;
			defaultConfigurationName = Release;
		};
/* End XCConfigurationList section */
	};
	rootObject = F5E4C9CE27A15A6D005CFB6D /* Project object */;
}
